{
  "lockfile_version": "1",
  "packages": {
    "buf@1.72.0": {
      "last_modified": "2026-09-25T18:38:24Z",
      "resolved": "github:NixOS/nixpkgs/79b6d20e55596f80baa35cda2a334da8a1fbf1ea#buf",
      "source": "devbox-search",
      "version": "1.72.0",
      "systems": {
        "aarch64-darwin": {
          "outputs": [
            {
              "name": "out",
              "path": "/nix/store/4hb0kxvyaxnz8agf26vv25j7f9kg9wjw-buf-1.72.0",
              "default": true
            }
          ],
          "store_path": "/nix/store/4hb0kxvyaxnz8agf26vv25j7f9kg9wjw-buf-1.72.0"
        },
        "aarch64-linux": {
          "outputs": [
            {
              "name": "out",
              "path": "/nix/store/rnj28cal3w4g3w1n05479rqyhdq54p2g-buf-1.72.0",
              "default": true
            }
          ],
          "store_path": "/nix/store/rnj28cal3w4g3w1n05479rqyhdq54p2g-buf-1.72.0"
        },
        "x86_64-linux": {
          "outputs": [
            {
              "name": "out",
              "path": "/nix/store/0d21d3022nnzpyy58qpdfqdh16f21yz4-buf-1.72.0",
              "default": true
            }
          ],
          "store_path": "/nix/store/0d21d3022nnzpyy58qpdfqdh16f21yz4-buf-1.72.0"
        }
      }
    },
    "github:NixOS/nixpkgs/nixpkgs-unstable": {
      "last_modified": "2026-08-20T07:12:19Z",
      "resolved": "github:NixOS/nixpkgs/391b592eb44808b3bd0cb80bb71b63a5a118b8bb?lastModified=1787209939"
    },
    "glibcLocales@latest": {
      "last_modified": "2026-08-27T07:16:00Z",
      "resolved": "github:NixOS/nixpkgs/c27cdad491a991b11ed731760aa2ef8db0cb0410#glibcLocales",
      "source": "devbox-search",
      "version": "2.42-84",
      "systems": {
        "aarch64-linux": {
          "outputs": [
            {
              "name": "out",
              "path": "/nix/store/iacrshzwi3r6k7jr98p94v3naji51f04-glibc-locales-2.42-84",
              "default": true
            }
          ],
          "store_path": "/nix/store/iacrshzwi3r6k7jr98p94v3naji51f04-glibc-locales-2.42-84"
        },
        "x86_64-linux": {
          "outputs": [
            {
              "name": "out",
              "path": "/nix/store/f65j04fnffn1wb67s11m8mhghf3xzpc1-glibc-locales-2.42-84",
              "default": true
            }
          ],
          "store_path": "/nix/store/f65j04fnffn1wb67s11m8mhghf3xzpc1-glibc-locales-2.42-84"
        }
      }
    },
    "go@1.27.0": {
      "last_modified": "2026-08-27T07:16:00Z",
      "resolved": "github:NixOS/nixpkgs/c27cdad491a991b11ed731760aa2ef8db0cb0410#go_1_27",
      "source": "devbox-search",
      "version": "1.27.0",
      "systems": {
        "aarch64-darwin": {
          "outputs": [
            {
              "name": "out",
              "path": "/nix/store/lz3qw52rpazqga73xgsqlj4qz1lgs4hg-go-1.27.0",
              "default": true
            }
          ],
          "store_path": "/nix/store/lz3qw52rpazqga73xgsqlj4qz1lgs4hg-go-1.27.0"
        },
        "aarch64-linux": {
          "outputs": [
            {
              "name": "out",
              "path": "/nix/store/zqjvg5805xkf6zsd8nrdvgbv58yw2phr-go-1.27.0",
              "default": true
            }
          ],
          "store_path": "/nix/store/zqjvg5805xkf6zsd8nrdvgbv58yw2phr-go-1.27.0"
        },
        "x86_64-linux": {
          "outputs": [
            {
              "name": "out",
              "path": "/nix/store/fibbp1k5gcpaxcin4dzk70yd056rfjhg-go-1.27.0",
              "default": true
            }
          ],
          "store_path": "/nix/store/fibbp1k5gcpaxcin4dzk70yd056rfjhg-go-1.27.0"
        }
      }
    },
    "golangci-lint@2.13.1": {
      "last_modified": "2026-08-27T07:16:00Z",
      "resolved": "github:NixOS/nixpkgs/c27cdad491a991b11ed731760aa2ef8db0cb0410#golangci-lint",
      "source": "devbox-search",
      "version": "2.13.1",
      "systems": {
        "aarch64-darwin": {
          "outputs": [
            {
              "name": "out",
              "path": "/nix/store/vyl94dsc8a2vfpx0h9hs3ls3w9hfcyfa-golangci-lint-2.13.1",
              "default": true
            }
          ],
          "store_path": "/nix/store/vyl94dsc8a2vfpx0h9hs3ls3w9hfcyfa-golangci-lint-2.13.1"
        },
        "aarch64-linux": {
          "outputs": [
            {
              "name": "out",
              "path": "/nix/store/zg1nnbiiaiq65v0h4b22hqlqpqa8ja0j-golangci-lint-2.13.1",
              "default": true
            }
          ],
          "store_path": "/nix/store/zg1nnbiiaiq65v0h4b22hqlqpqa8ja0j-golangci-lint-2.13.1"
        },
        "x86_64-linux": {
          "outputs": [
            {
              "name": "out",
              "path": "/nix/store/sqm80s7p5kx9j4ia19rw3jy41ajx1v73-golangci-lint-2.13.1",
              "default": true
            }
          ],
          "store_path": "/nix/store/sqm80s7p5kx9j4ia19rw3jy41ajx1v73-golangci-lint-2.13.1"
        }
      }
    },
    "gopls@0.23.0": {
      "last_modified": "2026-09-28T04:45:22Z",
      "resolved": "github:NixOS/nixpkgs/419fe0f449b3fbe3bdd53d9840288db4509ec32e#gopls",
      "source": "devbox-search",
      "version": "0.23.0",
      "systems": {
        "aarch64-darwin": {
          "outputs": [
            {
              "name": "out",
              "path": "/nix/store/p5lfq306nsm8c9x42gs9nkgzrkkcc8f8-gopls-0.23.0",
              "default": true
            }
          ],
          "store_path": "/nix/store/p5lfq306nsm8c9x42gs9nkgzrkkcc8f8-gopls-0.23.0"
        },
        "aarch64-linux": {
          "outputs": [
            {
              "name": "out",
              "path": "/nix/store/hc1fqlx6cbqvdl3vwxc6jbhxb94r3xfw-gopls-0.23.0",
              "default": true
            }
          ],
          "store_path": "/nix/store/hc1fqlx6cbqvdl3vwxc6jbhxb94r3xfw-gopls-0.23.0"
        },
        "x86_64-linux": {
          "outputs": [
            {
              "name": "out",
              "path": "/nix/store/a8362xqnzxwhdpbdhfq6q5s1afh7xxyw-gopls-0.23.0",
              "default": true
            }
          ],
          "store_path": "/nix/store/a8362xqnzxwhdpbdhfq6q5s1afh7xxyw-gopls-0.23.0"
        }
      }
    },
    "goreleaser@2.17.1": {
      "last_modified": "2026-09-28T04:45:22Z",
      "resolved": "github:NixOS/nixpkgs/419fe0f449b3fbe3bdd53d9840288db4509ec32e#goreleaser",
      "source": "devbox-search",
      "version": "2.17.1",
      "systems": {
        "aarch64-darwin": {
          "outputs": [
            {
              "name": "out",
              "path": "/nix/store/3wk2zbrm0rx30gxpgcdxsdg0va8m78z8-goreleaser-2.17.1",
              "default": true
            }
          ],
          "store_path": "/nix/store/3wk2zbrm0rx30gxpgcdxsdg0va8m78z8-goreleaser-2.17.1"
        },
        "aarch64-linux": {
          "outputs": [
            {
              "name": "out",
              "path": "/nix/store/l2fq8kijlnbli4681qj30bmf83s4j6k7-goreleaser-2.17.1",
              "default": true
            }
          ],
          "store_path": "/nix/store/l2fq8kijlnbli4681qj30bmf83s4j6k7-goreleaser-2.17.1"
        },
        "x86_64-linux": {
          "outputs": [
            {
              "name": "out",
              "path": "/nix/store/71mmcscgcrxc7m0c2k2w2w6fmq750w3g-goreleaser-2.17.1",
              "default": true
            }
          ],
          "store_path": "/nix/store/71mmcscgcrxc7m0c2k2w2w6fmq750w3g-goreleaser-2.17.1"
        }
      }
    },
    "govulncheck@1.7.0": {
      "last_modified": "2026-08-27T07:16:00Z",
      "resolved": "github:NixOS/nixpkgs/c27cdad491a991b11ed731760aa2ef8db0cb0410#govulncheck",
      "source": "devbox-search",
      "version": "1.7.0",
      "systems": {
        "aarch64-darwin": {
          "outputs": [
            {
              "name": "out",
              "path": "/nix/store/rigr4zbr5xczyycbz76hmiqz2v650s9q-govulncheck-1.7.0",
              "default": true
            }
          ],
          "store_path": "/nix/store/rigr4zbr5xczyycbz76hmiqz2v650s9q-govulncheck-1.7.0"
        },
        "aarch64-linux": {
          "outputs": [
            {
              "name": "out",
              "path": "/nix/store/s4zgzcjf0xsfs9mrirk66gdy91lxch55-govulncheck-1.7.0",
              "default": true
            }
          ],
          "store_path": "/nix/store/s4zgzcjf0xsfs9mrirk66gdy91lxch55-govulncheck-1.7.0"
        },
        "x86_64-linux": {
          "outputs": [
            {
              "name": "out",
              "path": "/nix/store/lsgfcdhc8a1cs3648znln0rc9rkmci5j-govulncheck-1.7.0",
              "default": true
            }
          ],
          "store_path": "/nix/store/lsgfcdhc8a1cs3648znln0rc9rkmci5j-govulncheck-1.7.0"
        }
      }
    },
    "just-lsp@0.6.2": {
      "last_modified": "2026-09-04T02:50:00Z",
      "resolved": "github:NixOS/nixpkgs/e5ead30d0824debba629dcf0720abeddee57b7d6#just-lsp",
      "source": "devbox-search",
      "version": "0.6.2",
      "systems": {
        "aarch64-darwin": {
          "outputs": [
            {
              "name": "out",
              "path": "/nix/store/r7c1mv8mjm65fdn48sdm3f6wmrwmf5l6-just-lsp-0.6.2",
              "default": true
            }
          ],
          "store_path": "/nix/store/r7c1mv8mjm65fdn48sdm3f6wmrwmf5l6-just-lsp-0.6.2"
        },
        "aarch64-linux": {
          "outputs": [
            {
              "name": "out",
              "path": "/nix/store/rfxfvbygljg67nacgynjrgkr5wzmj27d-just-lsp-0.6.2",
              "default": true
            }
          ],
          "store_path": "/nix/store/rfxfvbygljg67nacgynjrgkr5wzmj27d-just-lsp-0.6.2"
        },
        "x86_64-linux": {
          "outputs": [
            {
              "name": "out",
              "path": "/nix/store/8wxajvj3jlyl5f2xb81ynwz88w8kcamf-just-lsp-0.6.2",
              "default": true
            }
          ],
          "store_path": "/nix/store/8wxajvj3jlyl5f2xb81ynwz88w8kcamf-just-lsp-0.6.2"
        }
      }
    },
    "just@1.58.0": {
      "last_modified": "2026-09-28T04:45:22Z",
      "resolved": "github:NixOS/nixpkgs/419fe0f449b3fbe3bdd53d9840288db4509ec32e#just",
      "source": "devbox-search",
      "version": "1.58.0",
      "systems": {
        "aarch64-darwin": {
          "outputs": [
            {
              "name": "out",
              "path": "/nix/store/kcyk3qjxrxbqv110yz408277m1i55faf-just-1.58.0",
              "default": true
            },
            {
              "name": "man",
              "path": "/nix/store/s8abw9ifkmxk79z8zpn6zm9zrpbmh9zb-just-1.58.0-man",
              "default": true
            },
            {
              "name": "doc",
              "path": "/nix/store/wfs31mbwslvi17fxswf81x0a83qcmnyq-just-1.58.0-doc"
            }
          ],
          "store_path": "/nix/store/kcyk3qjxrxbqv110yz408277m1i55faf-just-1.58.0"
        },
        "aarch64-linux": {
          "outputs": [
            {
              "name": "out",
              "path": "/nix/store/2wdl8204rm1sgd31hxf24ykgw0jhrfnd-just-1.58.0",
              "default": true
            },
            {
              "name": "man",
              "path": "/nix/store/abh0yba8y6lk945hg6b0lq5g6vgai225-just-1.58.0-man",
              "default": true
            },
            {
              "name": "doc",
              "path": "/nix/store/pvgg8yxzhgld6kmy58bd4qxyihc87w1r-just-1.58.0-doc"
            }
          ],
          "store_path": "/nix/store/2wdl8204rm1sgd31hxf24ykgw0jhrfnd-just-1.58.0"
        },
        "x86_64-linux": {
          "outputs": [
            {
              "name": "out",
              "path": "/nix/store/nvydswi7ickfaim3l29afrm2238fjzlv-just-1.58.0",
              "default": true
            },
            {
              "name": "man",
              "path": "/nix/store/ihi5s36gfidvbf6wrymh0z6qjb69bvhx-just-1.58.0-man",
              "default": true
            },
            {
              "name": "doc",
              "path": "/nix/store/3kkygdf8x15png0ghk45r2g8px981zrd-just-1.58.0-doc"
            }
          ],
          "store_path": "/nix/store/nvydswi7ickfaim3l29afrm2238fjzlv-just-1.58.0"
        }
      }
    },
    "ko@0.19.1": {
      "last_modified": "2026-09-28T04:45:22Z",
      "resolved": "github:NixOS/nixpkgs/419fe0f449b3fbe3bdd53d9840288db4509ec32e#ko",
      "source": "devbox-search",
      "version": "0.19.1",
      "systems": {
        "aarch64-darwin": {
          "outputs": [
            {
              "name": "out",
              "path": "/nix/store/aa9faksxqw5fyvj4s3dx0258s4lxxf7x-ko-0.19.1",
              "default": true
            }
          ],
          "store_path": "/nix/store/aa9faksxqw5fyvj4s3dx0258s4lxxf7x-ko-0.19.1"
        },
        "aarch64-linux": {
          "outputs": [
            {
              "name": "out",
              "path": "/nix/store/wpfis7dql1m9j2n52s4d8sfqabrp1q0y-ko-0.19.1",
              "default": true
            }
          ],
          "store_path": "/nix/store/wpfis7dql1m9j2n52s4d8sfqabrp1q0y-ko-0.19.1"
        },
        "x86_64-darwin": {
          "outputs": [
            {
              "name": "out",
              "path": "/nix/store/1f5j1chicqia1cz9ycgjbd25pbmc61as-ko-0.19.1",
              "default": true
            }
          ],
          "store_path": "/nix/store/1f5j1chicqia1cz9ycgjbd25pbmc61as-ko-0.19.1"
        },
        "x86_64-linux": {
          "outputs": [
            {
              "name": "out",
              "path": "/nix/store/h9px403mg91x0dlxgyd4pjdfa7rmggp1-ko-0.19.1",
              "default": true
            }
          ],
          "store_path": "/nix/store/h9px403mg91x0dlxgyd4pjdfa7rmggp1-ko-0.19.1"
        }
      }
    },
    "kubectl@1.36.3": {
      "last_modified": "2026-08-29T00:50:12Z",
      "resolved": "github:NixOS/nixpkgs/e8be7818e19ada32105a8af937a6a473b38167ca#kubectl",
      "source": "devbox-search",
      "version": "1.36.3",
      "systems": {
        "aarch64-darwin": {
          "outputs": [
            {
              "name": "out",
              "path": "/nix/store/4ly3f60sf2y8lx4ad4nlv4d4xzm49cai-kubectl-1.36.3",
              "default": true
            },
            {
              "name": "man",
              "path": "/nix/store/j4lcjil024kv6xli1y03whn4rv1x1ifv-kubectl-1.36.3-man",
              "default": true
            },
            {
              "name": "convert",
              "path": "/nix/store/rq7cbnikbk7khmqczsglknfhfgykwkbf-kubectl-1.36.3-convert"
            }
          ],
          "store_path": "/nix/store/4ly3f60sf2y8lx4ad4nlv4d4xzm49cai-kubectl-1.36.3"
        },
        "aarch64-linux": {
          "outputs": [
            {
              "name": "out",
              "path": "/nix/store/pxr2n9hcw5r5c9pbyqhangbwvc3yv8yw-kubectl-1.36.3",
              "default": true
            },
            {
              "name": "man",
              "path": "/nix/store/n9ya3i139xw7jcb3x44b1lmwswilfwxk-kubectl-1.36.3-man",
              "default": true
            },
            {
              "name": "convert",
              "path": "/nix/store/6xj3wx8zkh4nj0dfg14v6cmbpaxqrzz7-kubectl-1.36.3-convert"
            }
          ],
          "store_path": "/nix/store/pxr2n9hcw5r5c9pbyqhangbwvc3yv8yw-kubectl-1.36.3"
        },
        "x86_64-linux": {
          "outputs": [
            {
              "name": "out",
              "path": "/nix/store/s28gqkd497rb4bvm56w72jyarqgmhlzz-kubectl-1.36.3",
              "default": true
            },
            {
              "name": "man",
              "path": "/nix/store/kxhnlzm663cpz4pbd7wkq4n73578ak4z-kubectl-1.36.3-man",
              "default": true
            },
            {
              "name": "convert",
              "path": "/nix/store/szx0vjljdh6rp8nxwdnpkz7g4fvvnk9h-kubectl-1.36.3-convert"
            }
          ],
          "store_path": "/nix/store/s28gqkd497rb4bvm56w72jyarqgmhlzz-kubectl-1.36.3"
        }
      }
    },
    "kubernetes-helm@4.2.4": {
      "last_modified": "2026-09-13T01:58:51Z",
      "resolved": "github:NixOS/nixpkgs/02f5696b0e6097e589076d886b317b83ff0437d7#kubernetes-helm",
      "source": "devbox-search",
      "version": "4.2.4",
      "systems": {
        "aarch64-darwin": {
          "outputs": [
            {
              "name": "out",
              "path": "/nix/store/iliy66ljfwgsqlwhsiw4mv17q5zarxsm-kubernetes-helm-4.2.4",
              "default": true
            }
          ],
          "store_path": "/nix/store/iliy66ljfwgsqlwhsiw4mv17q5zarxsm-kubernetes-helm-4.2.4"
        },
        "aarch64-linux": {
          "outputs": [
            {
              "name": "out",
              "path": "/nix/store/6lhz67pghv20aihdb0g4ma498f4w0fg2-kubernetes-helm-4.2.4",
              "default": true
            }
          ],
          "store_path": "/nix/store/6lhz67pghv20aihdb0g4ma498f4w0fg2-kubernetes-helm-4.2.4"
        },
        "x86_64-linux": {
          "outputs": [
            {
              "name": "out",
              "path": "/nix/store/69m712ydd319xm8bg7s744wqfca27fqj-kubernetes-helm-4.2.4",
              "default": true
            }
          ],
          "store_path": "/nix/store/69m712ydd319xm8bg7s744wqfca27fqj-kubernetes-helm-4.2.4"
        }
      }
    },
    "lefthook@2.1.10": {
      "last_modified": "2026-09-01T09:24:39Z",
      "resolved": "github:NixOS/nixpkgs/f0e996ff59c7624eba9db8972e8f1623a69d3b83#lefthook",
      "source": "devbox-search",
      "version": "2.1.10",
      "systems": {
        "aarch64-darwin": {
          "outputs": [
            {
              "name": "out",
              "path": "/nix/store/p9qmpwmv4r8igpgclxv9c3w37pnf4bpw-lefthook-2.1.10",
              "default": true
            }
          ],
          "store_path": "/nix/store/p9qmpwmv4r8igpgclxv9c3w37pnf4bpw-lefthook-2.1.10"
        },
        "aarch64-linux": {
          "outputs": [
            {
              "name": "out",
              "path": "/nix/store/hs4asvnkssmqgryq0hzg8prw2i5216ix-lefthook-2.1.10",
              "default": true
            }
          ],
          "store_path": "/nix/store/hs4asvnkssmqgryq0hzg8prw2i5216ix-lefthook-2.1.10"
        },
        "x86_64-linux": {
          "outputs": [
            {
              "name": "out",
              "path": "/nix/store/yvngyq9r8vj9jb0rwvx74bdqy3gc7kqy-lefthook-2.1.10",
              "default": true
            }
          ],
          "store_path": "/nix/store/yvngyq9r8vj9jb0rwvx74bdqy3gc7kqy-lefthook-2.1.10"
        }
      }
    },
    "nodejs@26.8.1": {
      "last_modified": "2026-09-10T20:56:27Z",
      "plugin_version": "0.0.5",
      "resolved": "github:NixOS/nixpkgs/aff8a0b28396750446e5537a96461bc4facdb287#nodejs_26",
      "source": "devbox-search",
      "version": "26.8.1",
      "systems": {
        "aarch64-darwin": {
          "outputs": [
            {
              "name": "out",
              "path": "/nix/store/szf4xdpd4znb3hzprlyivq6nd507hyas-nodejs-26.8.1",
              "default": true
            }
          ],
          "store_path": "/nix/store/szf4xdpd4znb3hzprlyivq6nd507hyas-nodejs-26.8.1"
        },
        "aarch64-linux": {
          "outputs": [
            {
              "name": "out",
              "path": "/nix/store/s3azam32y3bmwd6b2zynqqg9yv99lnam-nodejs-26.8.1",
              "default": true
            }
          ],
          "store_path": "/nix/store/s3azam32y3bmwd6b2zynqqg9yv99lnam-nodejs-26.8.1"
        },
        "x86_64-linux": {
          "outputs": [
            {
              "name": "out",
              "path": "/nix/store/ymlp5q9l64224b9jqpqwp298bgbjv7p9-nodejs-26.8.1",
              "default": true
            }
          ],
          "store_path": "/nix/store/ymlp5q9l64224b9jqpqwp298bgbjv7p9-nodejs-26.8.1"
        }
      }
    },
    "openssl@3.6.0": {
      "last_modified": "2025-12-05T06:24:47Z",
      "resolved": "github:NixOS/nixpkgs/42e29df35be6ef54091d3a3b4e97056ce0a98ce8#openssl",
      "source": "devbox-search",
      "version": "3.6.0",
      "systems": {
        "aarch64-darwin": {
          "outputs": [
            {
              "name": "bin",
              "path": "/nix/store/z9prisxci5h5lsk3rdknd4jzq7k9q13d-openssl-3.6.0-bin",
              "default": true
            },
            {
              "name": "man",
              "path": "/nix/store/ii9mnzr3i92mgk9dkgg65739mavd0j6f-openssl-3.6.0-man",
              "default": true
            },
            {
              "name": "dev",
              "path": "/nix/store/h0qgqik0mk0wn7rmm2kk3grfi1wzly74-openssl-3.6.0-dev"
            },
            {
              "name": "doc",
              "path": "/nix/store/yx3ip21fdaaxpjn5fbir02mqnaw9cm4f-openssl-3.6.0-doc"
            },
            {
              "name": "out",
              "path": "/nix/store/3z54dgks2mz3dhwddj158sdibll8xmq5-openssl-3.6.0"
            }
          ],
          "store_path": "/nix/store/z9prisxci5h5lsk3rdknd4jzq7k9q13d-openssl-3.6.0-bin"
        },
        "aarch64-linux": {
          "outputs": [
            {
              "name": "bin",
              "path": "/nix/store/wb6q44n9kcb5acmaa4rgqsajadx1fhhl-openssl-3.6.0-bin",
              "default": true
            },
            {
              "name": "man",
              "path": "/nix/store/c9n1alb7ypzjvzd47m16fiwfczz23qs3-openssl-3.6.0-man",
              "default": true
            },
            {
              "name": "debug",
              "path": "/nix/store/ci6d4k1sj4bnr892lsrqqmjiihqsk0bl-openssl-3.6.0-debug"
            },
            {
              "name": "dev",
              "path": "/nix/store/pq8b7fb3282g68pmk14mbyi20qn6chid-openssl-3.6.0-dev"
            },
            {
              "name": "doc",
              "path": "/nix/store/vaplp6w56dyz38986bgkf0pbg3r486b2-openssl-3.6.0-doc"
            },
            {
              "name": "out",
              "path": "/nix/store/nj50gkyx813dxvfmsg1q8m330hmf3h86-openssl-3.6.0"
            }
          ],
          "store_path": "/nix/store/wb6q44n9kcb5acmaa4rgqsajadx1fhhl-openssl-3.6.0-bin"
        },
        "x86_64-darwin": {
          "outputs": [
            {
              "name": "bin",
              "path": "/nix/store/m3xwn9n0jypwjgi256idfzs979g30j29-openssl-3.6.0-bin",
              "default": true
            },
            {
              "name": "man",
              "path": "/nix/store/hw43f3y1vl7ydrd4samnwnrwqqwkpisv-openssl-3.6.0-man",
              "default": true
            },
            {
              "name": "dev",
              "path": "/nix/store/dirjrfjk8jgsbdpslgb51cav6qaxn2vm-openssl-3.6.0-dev"
            },
            {
              "name": "doc",
              "path": "/nix/store/va1zhkz0nfmycvd0h239hi4w40qgaxcx-openssl-3.6.0-doc"
            },
            {
              "name": "out",
              "path": "/nix/store/q9a4wssx24xsy28w8kifdqizc01fh7sc-openssl-3.6.0"
            }
          ],
          "store_path": "/nix/store/m3xwn9n0jypwjgi256idfzs979g30j29-openssl-3.6.0-bin"
        },
        "x86_64-linux": {
          "outputs": [
            {
              "name": "bin",
              "path": "/nix/store/k0gl1zc7f5hk87lylxwbipb0b870bcmk-openssl-3.6.0-bin",
              "default": true
            },
            {
              "name": "man",
              "path": "/nix/store/a9jdl6xq9fc98ykpvqmc9kf0b0j9y8wh-openssl-3.6.0-man",
              "default": true
            },
            {
              "name": "debug",
              "path": "/nix/store/sqv8kbdgfxlr2d6nysr8c2715qpsi6f5-openssl-3.6.0-debug"
            },
            {
              "name": "dev",
              "path": "/nix/store/ydrckgnllgg8nmhdwni81h7xhcpnrlhd-openssl-3.6.0-dev"
            },
            {
              "name": "doc",
              "path": "/nix/store/cgp9ig35iwicfb9spcrgyg2m5dmlcgrv-openssl-3.6.0-doc"
            },
            {
              "name": "out",
              "path": "/nix/store/61i74yjkj9p1qphfl7018ja4sdwkipx0-openssl-3.6.0"
            }
          ],
          "store_path": "/nix/store/k0gl1zc7f5hk87lylxwbipb0b870bcmk-openssl-3.6.0-bin"
        }
      }
    },
    "postgresql@17": {
      "last_modified": "2026-07-08T01:50:52Z",
      "plugin_version": "0.0.2",
      "resolved": "github:NixOS/nixpkgs/05988b07fb05cbcb50be6bce197b4b5f75b5e61b#postgresql",
      "source": "devbox-search",
      "version": "17.10",
      "systems": {
        "aarch64-darwin": {
          "outputs": [
            {
              "name": "out",
              "path": "/nix/store/hzbggmj1nil9902bfq876dxd1xscwlpb-postgresql-17.10",
              "default": true
            },
            {
              "name": "man",
              "path": "/nix/store/s1pqxfassz17nnh5l8fpc0yrrnis5f6l-postgresql-17.10-man",
              "default": true
            },
            {
              "name": "dev",
              "path": "/nix/store/x9ynbjwsrxbyhvh86qkg7aa2a138v8f3-postgresql-17.10-dev"
            },
            {
              "name": "doc",
              "path": "/nix/store/w7dqbp6drpjhh8fmw21ddgx2bjz94acj-postgresql-17.10-doc"
            },
            {
              "name": "jit",
              "path": "/nix/store/gmbbx0n9xlrrh0jdyf6fn89c17m1v69h-postgresql-17.10-jit"
            },
            {
              "name": "lib",
              "path": "/nix/store/ckx6mgsnpjzzd51w2i009h88p09adgw1-postgresql-17.10-lib"
            },
            {
              "name": "plperl",
              "path": "/nix/store/xwyg5lram9b739wcbrz7p8vd4zk41axl-postgresql-17.10-plperl"
            },
            {
              "name": "plpython3",
              "path": "/nix/store/nkpyi2c1b9zrhs7qcw55zqvd8h3dj8z4-postgresql-17.10-plpython3"
            },
            {
              "name": "pltcl",
              "path": "/nix/store/mwnii772wdlfs17hyyajjyvbl355lkx8-postgresql-17.10-pltcl"
            }
          ],
          "store_path": "/nix/store/hzbggmj1nil9902bfq876dxd1xscwlpb-postgresql-17.10"
        },
        "aarch64-linux": {
          "outputs": [
            {
              "name": "out",
              "path": "/nix/store/9ncchkya5z6s60bdxfn4w36gq10d02li-postgresql-17.10",
              "default": true
            },
            {
              "name": "man",
              "path": "/nix/store/w9nl213mjgfrv4na04k5bjbhabc4pl4w-postgresql-17.10-man",
              "default": true
            },
            {
              "name": "dev",
              "path": "/nix/store/r3xd0zkag7zk4bx9n4yh664k8arq7k4x-postgresql-17.10-dev"
            },
            {
              "name": "jit",
              "path": "/nix/store/j59a0qg5ycdxw0dbbhxl4wr2bf1h2a49-postgresql-17.10-jit"
            },
            {
              "name": "lib",
              "path": "/nix/store/gk31jp47f78n8ahp3hi92rdg1dx07ygp-postgresql-17.10-lib"
            },
            {
              "name": "plpython3",
              "path": "/nix/store/hxig1vf4v6gnlxm7z61ccv1lgm0aq0n6-postgresql-17.10-plpython3"
            },
            {
              "name": "pltcl",
              "path": "/nix/store/xjk75lk9wb1c42xjbmsyml6vphcagsd6-postgresql-17.10-pltcl"
            },
            {
              "name": "doc",
              "path": "/nix/store/3y6ypqn3z99wxkrp036ar55srvqxhbfs-postgresql-17.10-doc"
            },
            {
              "name": "plperl",
              "path": "/nix/store/ic9dmz09rr7h97hqbq2wwfh12yw2gk04-postgresql-17.10-plperl"
            },
            {
              "name": "debug",
              "path": "/nix/store/d5br06xpbbsnjbvyhlg1vb7sg5vsh4cl-postgresql-17.10-debug"
            }
          ],
          "store_path": "/nix/store/9ncchkya5z6s60bdxfn4w36gq10d02li-postgresql-17.10"
        },
        "x86_64-darwin": {
          "outputs": [
            {
              "name": "out",
              "path": "/nix/store/jgxdaiah5jwxw59dva74kgljyma997n8-postgresql-17.10",
              "default": true
            },
            {
              "name": "man",
              "path": "/nix/store/bak19mp0xgx9rwsmw1lzwcl3wb2saz38-postgresql-17.10-man",
              "default": true
            },
            {
              "name": "lib",
              "path": "/nix/store/yvbnhnx1dk5i0877gam5yc8cvfiiz3bp-postgresql-17.10-lib"
            },
            {
              "name": "plperl",
              "path": "/nix/store/3bdjvw41s62iq0abf17d5dcgmdmsrvaw-postgresql-17.10-plperl"
            },
            {
              "name": "plpython3",
              "path": "/nix/store/pdqsdbz6ghicqhny4as3ws1gs0yy94s8-postgresql-17.10-plpython3"
            },
            {
              "name": "pltcl",
              "path": "/nix/store/049bby0qrz8wh4073i41ghk4vfzs54vk-postgresql-17.10-pltcl"
            },
            {
              "name": "doc",
              "path": "/nix/store/3jj55asrgl1ahv01gkpzqmvwnzvg1wrb-postgresql-17.10-doc"
            },
            {
              "name": "jit",
              "path": "/nix/store/5vfbgj9n87l1zk7ljqisigsz9ax5sgad-postgresql-17.10-jit"
            },
            {
              "name": "dev",
              "path": "/nix/store/x1rfdcnxh1kj634bz73k8xg2p3i5rf22-postgresql-17.10-dev"
            }
          ],
          "store_path": "/nix/store/jgxdaiah5jwxw59dva74kgljyma997n8-postgresql-17.10"
        },
        "x86_64-linux": {
          "outputs": [
            {
              "name": "out",
              "path": "/nix/store/fdh93xn8lhlkdslwrgxzr8kd1qc8akga-postgresql-17.10",
              "default": true
            },
            {
              "name": "man",
              "path": "/nix/store/iqr4qfr28ks77m8hlzm8d8wgkf7rr5hg-postgresql-17.10-man",
              "default": true
            },
            {
              "name": "dev",
              "path": "/nix/store/92b64gg5xc23f45ncmgxjcxs1g9ncmnc-postgresql-17.10-dev"
            },
            {
              "name": "doc",
              "path": "/nix/store/nyh2h847zssl7qn9nqbvm60bhigsrn71-postgresql-17.10-doc"
            },
            {
              "name": "plperl",
              "path": "/nix/store/0rkgsn2r9151991bznkbvjhqmrkf019n-postgresql-17.10-plperl"
            },
            {
              "name": "plpython3",
              "path": "/nix/store/mw6f3sbwgcwpypq0v5xrx32hcwbqkbhi-postgresql-17.10-plpython3"
            },
            {
              "name": "pltcl",
              "path": "/nix/store/ylhbl8lk0n190pb9m6scg7nkip6wxlan-postgresql-17.10-pltcl"
            },
            {
              "name": "debug",
              "path": "/nix/store/g88yk9zvh38sllvzch1yd1sa67rdzrvj-postgresql-17.10-debug"
            },
            {
              "name": "jit",
              "path": "/nix/store/2v4qijdyh09nvz5cg22j2ky8ssiifza8-postgresql-17.10-jit"
            },
            {
              "name": "lib",
              "path": "/nix/store/zyhz4k8gwfdha8q9bcrfy82l5vczd8xl-postgresql-17.10-lib"
            }
          ],
          "store_path": "/nix/store/fdh93xn8lhlkdslwrgxzr8kd1qc8akga-postgresql-17.10"
        }
      }
    },
    "protoc-gen-connect-go@1.20.0": {
      "last_modified": "2026-09-09T19:38:03Z",
      "resolved": "github:NixOS/nixpkgs/5052d7ccbcfb7e4ae1586cb2ecf95a2e3707dce9#protoc-gen-connect-go",
      "source": "devbox-search",
      "version": "1.20.0",
      "systems": {
        "aarch64-darwin": {
          "outputs": [
            {
              "name": "out",
              "path": "/nix/store/j7fxq9slp4qgqk8bmxc51jb7prq9h1wa-protoc-gen-connect-go-1.20.0",
              "default": true
            }
          ],
          "store_path": "/nix/store/j7fxq9slp4qgqk8bmxc51jb7prq9h1wa-protoc-gen-connect-go-1.20.0"
        },
        "aarch64-linux": {
          "outputs": [
            {
              "name": "out",
              "path": "/nix/store/f47hxgj2asj9wgr1q83407bgy8x749la-protoc-gen-connect-go-1.20.0",
              "default": true
            }
          ],
          "store_path": "/nix/store/f47hxgj2asj9wgr1q83407bgy8x749la-protoc-gen-connect-go-1.20.0"
        },
        "x86_64-darwin": {
          "outputs": [
            {
              "name": "out",
              "path": "/nix/store/aviwlwf4lp1ig3047mv7552k934jzwai-protoc-gen-connect-go-1.20.0",
              "default": true
            }
          ],
          "store_path": "/nix/store/aviwlwf4lp1ig3047mv7552k934jzwai-protoc-gen-connect-go-1.20.0"
        },
        "x86_64-linux": {
          "outputs": [
            {
              "name": "out",
              "path": "/nix/store/aan18nh048mqrnv4qimfy1d45x8l9gwp-protoc-gen-connect-go-1.20.0",
              "default": true
            }
          ],
          "store_path": "/nix/store/aan18nh048mqrnv4qimfy1d45x8l9gwp-protoc-gen-connect-go-1.20.0"
        }
      }
    },
    "protoc-gen-go@1.36.12": {
      "last_modified": "2026-09-28T04:45:22Z",
      "resolved": "github:NixOS/nixpkgs/419fe0f449b3fbe3bdd53d9840288db4509ec32e#protoc-gen-go",
      "source": "devbox-search",
      "version": "1.36.12",
      "systems": {
        "aarch64-darwin": {
          "outputs": [
            {
              "name": "out",
              "path": "/nix/store/lzv6f56cvmdff0bxk891zv70ya994bd7-protoc-gen-go-1.36.12",
              "default": true
            }
          ],
          "store_path": "/nix/store/lzv6f56cvmdff0bxk891zv70ya994bd7-protoc-gen-go-1.36.12"
        },
        "aarch64-linux": {
          "outputs": [
            {
              "name": "out",
              "path": "/nix/store/wgx6985lk4k1ki4g2qh7zj4ryi7hnj6g-protoc-gen-go-1.36.12",
              "default": true
            }
          ],
          "store_path": "/nix/store/wgx6985lk4k1ki4g2qh7zj4ryi7hnj6g-protoc-gen-go-1.36.12"
        },
        "x86_64-linux": {
          "outputs": [
            {
              "name": "out",
              "path": "/nix/store/0rjvhjgbyvdxlkp7rm2il7irghx3fcmc-protoc-gen-go-1.36.12",
              "default": true
            }
          ],
          "store_path": "/nix/store/0rjvhjgbyvdxlkp7rm2il7irghx3fcmc-protoc-gen-go-1.36.12"
        }
      }
    },
    "yarn@1.22.22": {
      "last_modified": "2026-09-28T04:45:22Z",
      "resolved": "github:NixOS/nixpkgs/419fe0f449b3fbe3bdd53d9840288db4509ec32e#yarn",
      "source": "devbox-search",
      "version": "1.22.22",
      "systems": {
        "aarch64-darwin": {
          "outputs": [
            {
              "name": "out",
              "path": "/nix/store/ii7pknz6liwjdpm4vym90c1qw4lqnnv9-yarn-1.22.22",
              "default": true
            }
          ],
          "store_path": "/nix/store/ii7pknz6liwjdpm4vym90c1qw4lqnnv9-yarn-1.22.22"
        },
        "aarch64-linux": {
          "outputs": [
            {
              "name": "out",
              "path": "/nix/store/iv7hfx46z0z2amfxwgrrv99k85xiv4ms-yarn-1.22.22",
              "default": true
            }
          ],
          "store_path": "/nix/store/iv7hfx46z0z2amfxwgrrv99k85xiv4ms-yarn-1.22.22"
        },
        "x86_64-darwin": {
          "outputs": [
            {
              "name": "out",
              "path": "/nix/store/ypqd29hkv7w6gdsaix8r186w2syvirn9-yarn-1.22.22",
              "default": true
            }
          ],
          "store_path": "/nix/store/ypqd29hkv7w6gdsaix8r186w2syvirn9-yarn-1.22.22"
        },
        "x86_64-linux": {
          "outputs": [
            {
              "name": "out",
              "path": "/nix/store/0a9vgazzhhbvkq056lx2jmmj61ybxpjj-yarn-1.22.22",
              "default": true
            }
          ],
          "store_path": "/nix/store/0a9vgazzhhbvkq056lx2jmmj61ybxpjj-yarn-1.22.22"
        }
      }
    }
  }
}
